# THIS IS AN AUTOGENERATED FILE. DO NOT EDIT THIS FILE DIRECTLY.
# yarn lockfile v1


svelte@^2.16.0:
  version "2.16.0"
  resolved "https://registry.yarnpkg.com/svelte/-/svelte-2.16.0.tgz#a9a10fc4103ecb19d01090fd447ca07e3022af7c"
  integrity sha512-1x1zCZpNnuwQdH+9tTeM0QYv33TVEFIxrrd88Mv80EcaomIlA9IvFLIThc8OFsCMHwrjllbIRNmsVfwlOxI7MA==
